// !$*UTF8*$!
{
	archiveVersion = 1;
	classes = {
	};
	objectVersion = 46;
	objects = {

/* Begin PBXBuildFile section */
		5E83C9C638CACA92B42BB4D5 /* Pods_TemperAssessmentTests.framework in Frameworks */ = {isa = PBXBuildFile; fileRef = 73AB82F0DCAC95C9E9E544C2 /* Pods_TemperAssessmentTests.framework */; };
		6137793340EA589C0A24B2AE /* Pods_TemperAssessment.framework in Frameworks */ = {isa = PBXBuildFile; fileRef = 3E057F10D6DB2D76DD45801F /* Pods_TemperAssessment.framework */; };
		681DC8D91ED36F5A00CA986A /* JobsList.storyboard in Resources */ = {isa = PBXBuildFile; fileRef = 681DC8D81ED36F5A00CA986A /* JobsList.storyboard */; };
		681DC8DC1ED3700500CA986A /* JobsListCell.swift in Sources */ = {isa = PBXBuildFile; fileRef = 681DC8DB1ED3700500CA986A /* JobsListCell.swift */; };
		681DC8DE1ED3708F00CA986A /* JobsListCellViewModel.swift in Sources */ = {isa = PBXBuildFile; fileRef = 681DC8DD1ED3708F00CA986A /* JobsListCellViewModel.swift */; };
		681DC8E01ED370E200CA986A /* JobsListCellStyle.swift in Sources */ = {isa = PBXBuildFile; fileRef = 681DC8DF1ED370E200CA986A /* JobsListCellStyle.swift */; };
		681DC8E41ED381F700CA986A /* JobModel.swift in Sources */ = {isa = PBXBuildFile; fileRef = 681DC8E31ED381F700CA986A /* JobModel.swift */; };
		681DC8E71ED39EBE00CA986A /* DayListViewController.swift in Sources */ = {isa = PBXBuildFile; fileRef = 681DC8E61ED39EBE00CA986A /* DayListViewController.swift */; };
		681DC8E91ED39ED800CA986A /* DayList.storyboard in Resources */ = {isa = PBXBuildFile; fileRef = 681DC8E81ED39ED800CA986A /* DayList.storyboard */; };
		681DC8EB1ED39EF700CA986A /* DayListViewModel.swift in Sources */ = {isa = PBXBuildFile; fileRef = 681DC8EA1ED39EF700CA986A /* DayListViewModel.swift */; };
		681DC8ED1ED39F0B00CA986A /* DayListStyle.swift in Sources */ = {isa = PBXBuildFile; fileRef = 681DC8EC1ED39F0B00CA986A /* DayListStyle.swift */; };
		681DC8F01ED39F3F00CA986A /* DayListCell.swift in Sources */ = {isa = PBXBuildFile; fileRef = 681DC8EF1ED39F3F00CA986A /* DayListCell.swift */; };
		6849FA3C1EDDFEF4004263A2 /* Date+Temper.swift in Sources */ = {isa = PBXBuildFile; fileRef = 6849FA3B1EDDFEF4004263A2 /* Date+Temper.swift */; };
		6851559B1ED22E350072FBA2 /* AppDelegate.swift in Sources */ = {isa = PBXBuildFile; fileRef = 6851559A1ED22E350072FBA2 /* AppDelegate.swift */; };
		685155A21ED22E350072FBA2 /* Assets.xcassets in Resources */ = {isa = PBXBuildFile; fileRef = 685155A11ED22E350072FBA2 /* Assets.xcassets */; };
		685155A51ED22E350072FBA2 /* LaunchScreen.storyboard in Resources */ = {isa = PBXBuildFile; fileRef = 685155A31ED22E350072FBA2 /* LaunchScreen.storyboard */; };
		685155B01ED22E350072FBA2 /* TemperAssessmentTests.swift in Sources */ = {isa = PBXBuildFile; fileRef = 685155AF1ED22E350072FBA2 /* TemperAssessmentTests.swift */; };
		685155BB1ED22F110072FBA2 /* mock.json in Resources */ = {isa = PBXBuildFile; fileRef = 685155BA1ED22F110072FBA2 /* mock.json */; };
		685155BE1ED22FFD0072FBA2 /* JobsListViewController.swift in Sources */ = {isa = PBXBuildFile; fileRef = 685155BD1ED22FFD0072FBA2 /* JobsListViewController.swift */; };
		685155C01ED2301F0072FBA2 /* JobsListViewModel.swift in Sources */ = {isa = PBXBuildFile; fileRef = 685155BF1ED2301F0072FBA2 /* JobsListViewModel.swift */; };
		685155C21ED2303D0072FBA2 /* JobListStyle.swift in Sources */ = {isa = PBXBuildFile; fileRef = 685155C11ED2303D0072FBA2 /* JobListStyle.swift */; };
		685155C51ED230C70072FBA2 /* Componentable.swift in Sources */ = {isa = PBXBuildFile; fileRef = 685155C41ED230C70072FBA2 /* Componentable.swift */; };
		68718DD11ED4D16C00276FF5 /* DayListCellViewModel.swift in Sources */ = {isa = PBXBuildFile; fileRef = 68718DD01ED4D16C00276FF5 /* DayListCellViewModel.swift */; };
		68718DD31ED4D18800276FF5 /* DayListCellStyle.swift in Sources */ = {isa = PBXBuildFile; fileRef = 68718DD21ED4D18800276FF5 /* DayListCellStyle.swift */; };
		68718DD51ED4D2B800276FF5 /* DayModel.swift in Sources */ = {isa = PBXBuildFile; fileRef = 68718DD41ED4D2B800276FF5 /* DayModel.swift */; };
/* End PBXBuildFile section */

/* Begin PBXContainerItemProxy section */
		685155AC1ED22E350072FBA2 /* PBXContainerItemProxy */ = {
			isa = PBXContainerItemProxy;
			containerPortal = 6851558F1ED22E350072FBA2 /* Project object */;
			proxyType = 1;
			remoteGlobalIDString = 685155961ED22E350072FBA2;
			remoteInfo = TemperAssessment;
		};
/* End PBXContainerItemProxy section */

/* Begin PBXFileReference section */
		39EAAF9ABC9297902D533F95 /* Pods-TemperAssessmentTests.debug.xcconfig */ = {isa = PBXFileReference; includeInIndex = 1; lastKnownFileType = text.xcconfig; name = "Pods-TemperAssessmentTests.debug.xcconfig"; path = "Pods/Target Support Files/Pods-TemperAssessmentTests/Pods-TemperAssessmentTests.debug.xcconfig"; sourceTree = "<group>"; };
		3E057F10D6DB2D76DD45801F /* Pods_TemperAssessment.framework */ = {isa = PBXFileReference; explicitFileType = wrapper.framework; includeInIndex = 0; path = Pods_TemperAssessment.framework; sourceTree = BUILT_PRODUCTS_DIR; };
		681DC8D81ED36F5A00CA986A /* JobsList.storyboard */ = {isa = PBXFileReference; fileEncoding = 4; lastKnownFileType = file.storyboard; name = JobsList.storyboard; path = JobsList/JobsList.storyboard; sourceTree = "<group>"; };
		681DC8DB1ED3700500CA986A /* JobsListCell.swift */ = {isa = PBXFileReference; fileEncoding = 4; lastKnownFileType = sourcecode.swift; name = JobsListCell.swift; path = JobsList/Cells/JobsListCell.swift; sourceTree = "<group>"; };
		681DC8DD1ED3708F00CA986A /* JobsListCellViewModel.swift */ = {isa = PBXFileReference; fileEncoding = 4; lastKnownFileType = sourcecode.swift; name = JobsListCellViewModel.swift; path = JobsList/Cells/JobsListCellViewModel.swift; sourceTree = "<group>"; };
		681DC8DF1ED370E200CA986A /* JobsListCellStyle.swift */ = {isa = PBXFileReference; fileEncoding = 4; lastKnownFileType = sourcecode.swift; name = JobsListCellStyle.swift; path = JobsList/Cells/JobsListCellStyle.swift; sourceTree = "<group>"; };
		681DC8E31ED381F700CA986A /* JobModel.swift */ = {isa = PBXFileReference; fileEncoding = 4; lastKnownFileType = sourcecode.swift; name = JobModel.swift; path = Model/JobModel.swift; sourceTree = "<group>"; };
		681DC8E61ED39EBE00CA986A /* DayListViewController.swift */ = {isa = PBXFileReference; fileEncoding = 4; lastKnownFileType = sourcecode.swift; name = DayListViewController.swift; path = JobsList/DayList/DayListViewController.swift; sourceTree = "<group>"; };
		681DC8E81ED39ED800CA986A /* DayList.storyboard */ = {isa = PBXFileReference; fileEncoding = 4; lastKnownFileType = file.storyboard; name = DayList.storyboard; path = JobsList/DayList/DayList.storyboard; sourceTree = "<group>"; };
		681DC8EA1ED39EF700CA986A /* DayListViewModel.swift */ = {isa = PBXFileReference; fileEncoding = 4; lastKnownFileType = sourcecode.swift; name = DayListViewModel.swift; path = JobsList/DayList/DayListViewModel.swift; sourceTree = "<group>"; };
		681DC8EC1ED39F0B00CA986A /* DayListStyle.swift */ = {isa = PBXFileReference; fileEncoding = 4; lastKnownFileType = sourcecode.swift; name = DayListStyle.swift; path = JobsList/DayList/DayListStyle.swift; sourceTree = "<group>"; };
		681DC8EF1ED39F3F00CA986A /* DayListCell.swift */ = {isa = PBXFileReference; fileEncoding = 4; lastKnownFileType = sourcecode.swift; name = DayListCell.swift; path = JobsList/DayList/Cells/DayListCell.swift; sourceTree = "<group>"; };
		6849FA3B1EDDFEF4004263A2 /* Date+Temper.swift */ = {isa = PBXFileReference; fileEncoding = 4; lastKnownFileType = sourcecode.swift; name = "Date+Temper.swift"; path = "Generic/Date+Temper.swift"; sourceTree = "<group>"; };
		685155971ED22E350072FBA2 /* TemperAssessment.app */ = {isa = PBXFileReference; explicitFileType = wrapper.application; includeInIndex = 0; path = TemperAssessment.app; sourceTree = BUILT_PRODUCTS_DIR; };
		6851559A1ED22E350072FBA2 /* AppDelegate.swift */ = {isa = PBXFileReference; lastKnownFileType = sourcecode.swift; path = AppDelegate.swift; sourceTree = "<group>"; };
		685155A11ED22E350072FBA2 /* Assets.xcassets */ = {isa = PBXFileReference; lastKnownFileType = folder.assetcatalog; path = Assets.xcassets; sourceTree = "<group>"; };
		685155A41ED22E350072FBA2 /* Base */ = {isa = PBXFileReference; lastKnownFileType = file.storyboard; name = Base; path = Base.lproj/LaunchScreen.storyboard; sourceTree = "<group>"; };
		685155A61ED22E350072FBA2 /* Info.plist */ = {isa = PBXFileReference; lastKnownFileType = text.plist.xml; path = Info.plist; sourceTree = "<group>"; };
		685155AB1ED22E350072FBA2 /* TemperAssessmentTests.xctest */ = {isa = PBXFileReference; explicitFileType = wrapper.cfbundle; includeInIndex = 0; path = TemperAssessmentTests.xctest; sourceTree = BUILT_PRODUCTS_DIR; };
		685155AF1ED22E350072FBA2 /* TemperAssessmentTests.swift */ = {isa = PBXFileReference; lastKnownFileType = sourcecode.swift; path = TemperAssessmentTests.swift; sourceTree = "<group>"; };
		685155B11ED22E350072FBA2 /* Info.plist */ = {isa = PBXFileReference; lastKnownFileType = text.plist.xml; path = Info.plist; sourceTree = "<group>"; };
		685155BA1ED22F110072FBA2 /* mock.json */ = {isa = PBXFileReference; fileEncoding = 4; lastKnownFileType = text.json; name = mock.json; path = ../../../Downloads/mock.json; sourceTree = "<group>"; };
		685155BD1ED22FFD0072FBA2 /* JobsListViewController.swift */ = {isa = PBXFileReference; fileEncoding = 4; lastKnownFileType = sourcecode.swift; name = JobsListViewController.swift; path = JobsList/JobsListViewController.swift; sourceTree = "<group>"; };
		685155BF1ED2301F0072FBA2 /* JobsListViewModel.swift */ = {isa = PBXFileReference; fileEncoding = 4; lastKnownFileType = sourcecode.swift; name = JobsListViewModel.swift; path = JobsList/JobsListViewModel.swift; sourceTree = "<group>"; };
		685155C11ED2303D0072FBA2 /* JobListStyle.swift */ = {isa = PBXFileReference; fileEncoding = 4; lastKnownFileType = sourcecode.swift; name = JobListStyle.swift; path = JobsList/JobListStyle.swift; sourceTree = "<group>"; };
		685155C41ED230C70072FBA2 /* Componentable.swift */ = {isa = PBXFileReference; fileEncoding = 4; lastKnownFileType = sourcecode.swift; name = Componentable.swift; path = Generic/Componentable.swift; sourceTree = "<group>"; };
		68718DD01ED4D16C00276FF5 /* DayListCellViewModel.swift */ = {isa = PBXFileReference; fileEncoding = 4; lastKnownFileType = sourcecode.swift; name = DayListCellViewModel.swift; path = JobsList/DayList/Cells/DayListCellViewModel.swift; sourceTree = "<group>"; };
		68718DD21ED4D18800276FF5 /* DayListCellStyle.swift */ = {isa = PBXFileReference; fileEncoding = 4; lastKnownFileType = sourcecode.swift; name = DayListCellStyle.swift; path = JobsList/DayList/Cells/DayListCellStyle.swift; sourceTree = "<group>"; };
		68718DD41ED4D2B800276FF5 /* DayModel.swift */ = {isa = PBXFileReference; fileEncoding = 4; lastKnownFileType = sourcecode.swift; name = DayModel.swift; path = Model/DayModel.swift; sourceTree = "<group>"; };
		73AB82F0DCAC95C9E9E544C2 /* Pods_TemperAssessmentTests.framework */ = {isa = PBXFileReference; explicitFileType = wrapper.framework; includeInIndex = 0; path = Pods_TemperAssessmentTests.framework; sourceTree = BUILT_PRODUCTS_DIR; };
		7C7102661121C550A7B58662 /* Pods-TemperAssessment.release.xcconfig */ = {isa = PBXFileReference; includeInIndex = 1; lastKnownFileType = text.xcconfig; name = "Pods-TemperAssessment.release.xcconfig"; path = "Pods/Target Support Files/Pods-TemperAssessment/Pods-TemperAssessment.release.xcconfig"; sourceTree = "<group>"; };
		93F8B3E0E3E76CBA42BE4C7F /* Pods-TemperAssessmentTests.release.xcconfig */ = {isa = PBXFileReference; includeInIndex = 1; lastKnownFileType = text.xcconfig; name = "Pods-TemperAssessmentTests.release.xcconfig"; path = "Pods/Target Support Files/Pods-TemperAssessmentTests/Pods-TemperAssessmentTests.release.xcconfig"; sourceTree = "<group>"; };
		AA3CF7F3951FD85C0DE32188 /* Pods-TemperAssessment.debug.xcconfig */ = {isa = PBXFileReference; includeInIndex = 1; lastKnownFileType = text.xcconfig; name = "Pods-TemperAssessment.debug.xcconfig"; path = "Pods/Target Support Files/Pods-TemperAssessment/Pods-TemperAssessment.debug.xcconfig"; sourceTree = "<group>"; };
/* End PBXFileReference section */

/* Begin PBXFrameworksBuildPhase section */
		685155941ED22E350072FBA2 /* Frameworks */ = {
			isa = PBXFrameworksBuildPhase;
			buildActionMask = 2147483647;
			files = (
				6137793340EA589C0A24B2AE /* Pods_TemperAssessment.framework in Frameworks */,
			);
			runOnlyForDeploymentPostprocessing = 0;
		};
		685155A81ED22E350072FBA2 /* Frameworks */ = {
			isa = PBXFrameworksBuildPhase;
			buildActionMask = 2147483647;
			files = (
				5E83C9C638CACA92B42BB4D5 /* Pods_TemperAssessmentTests.framework in Frameworks */,
			);
			runOnlyForDeploymentPostprocessing = 0;
		};
/* End PBXFrameworksBuildPhase section */

/* Begin PBXGroup section */
		4ECD6A4787CB691B928D0633 /* Frameworks */ = {
			isa = PBXGroup;
			children = (
				3E057F10D6DB2D76DD45801F /* Pods_TemperAssessment.framework */,
				73AB82F0DCAC95C9E9E544C2 /* Pods_TemperAssessmentTests.framework */,
			);
			name = Frameworks;
			sourceTree = "<group>";
		};
		681DC8DA1ED36FCC00CA986A /* Cells */ = {
			isa = PBXGroup;
			children = (
				681DC8DB1ED3700500CA986A /* JobsListCell.swift */,
				681DC8DD1ED3708F00CA986A /* JobsListCellViewModel.swift */,
				681DC8DF1ED370E200CA986A /* JobsListCellStyle.swift */,
			);
			name = Cells;
			sourceTree = "<group>";
		};
		681DC8E11ED381BA00CA986A /* Manager */ = {
			isa = PBXGroup;
			children = (
			);
			name = Manager;
			sourceTree = "<group>";
		};
		681DC8E21ED381C200CA986A /* Model */ = {
			isa = PBXGroup;
			children = (
				681DC8E31ED381F700CA986A /* JobModel.swift */,
				68718DD41ED4D2B800276FF5 /* DayModel.swift */,
			);
			name = Model;
			sourceTree = "<group>";
		};
		681DC8E51ED39E7200CA986A /* DayList */ = {
			isa = PBXGroup;
			children = (
				681DC8EE1ED39F1600CA986A /* Cells */,
				681DC8E61ED39EBE00CA986A /* DayListViewController.swift */,
				681DC8E81ED39ED800CA986A /* DayList.storyboard */,
				681DC8EA1ED39EF700CA986A /* DayListViewModel.swift */,
				681DC8EC1ED39F0B00CA986A /* DayListStyle.swift */,
			);
			name = DayList;
			sourceTree = "<group>";
		};
		681DC8EE1ED39F1600CA986A /* Cells */ = {
			isa = PBXGroup;
			children = (
				681DC8EF1ED39F3F00CA986A /* DayListCell.swift */,
				68718DD01ED4D16C00276FF5 /* DayListCellViewModel.swift */,
				68718DD21ED4D18800276FF5 /* DayListCellStyle.swift */,
			);
			name = Cells;
			sourceTree = "<group>";
		};
		6851558E1ED22E350072FBA2 = {
			isa = PBXGroup;
			children = (
				685155991ED22E350072FBA2 /* TemperAssessment */,
				685155AE1ED22E350072FBA2 /* TemperAssessmentTests */,
				685155981ED22E350072FBA2 /* Products */,
				F2A15DC918C70A311B3A5F50 /* Pods */,
				4ECD6A4787CB691B928D0633 /* Frameworks */,
			);
			sourceTree = "<group>";
		};
		685155981ED22E350072FBA2 /* Products */ = {
			isa = PBXGroup;
			children = (
				685155971ED22E350072FBA2 /* TemperAssessment.app */,
				685155AB1ED22E350072FBA2 /* TemperAssessmentTests.xctest */,
			);
			name = Products;
			sourceTree = "<group>";
		};
		685155991ED22E350072FBA2 /* TemperAssessment */ = {
			isa = PBXGroup;
			children = (
				681DC8E21ED381C200CA986A /* Model */,
				681DC8E11ED381BA00CA986A /* Manager */,
				685155C31ED230890072FBA2 /* Generic */,
				685155BC1ED22FD70072FBA2 /* JobsList */,
				685155BA1ED22F110072FBA2 /* mock.json */,
				6851559A1ED22E350072FBA2 /* AppDelegate.swift */,
				685155A11ED22E350072FBA2 /* Assets.xcassets */,
				685155A31ED22E350072FBA2 /* LaunchScreen.storyboard */,
				685155A61ED22E350072FBA2 /* Info.plist */,
			);
			path = TemperAssessment;
			sourceTree = "<group>";
		};
		685155AE1ED22E350072FBA2 /* TemperAssessmentTests */ = {
			isa = PBXGroup;
			children = (
				685155AF1ED22E350072FBA2 /* TemperAssessmentTests.swift */,
				685155B11ED22E350072FBA2 /* Info.plist */,
			);
			path = TemperAssessmentTests;
			sourceTree = "<group>";
		};
		685155BC1ED22FD70072FBA2 /* JobsList */ = {
			isa = PBXGroup;
			children = (
				681DC8E51ED39E7200CA986A /* DayList */,
				681DC8DA1ED36FCC00CA986A /* Cells */,
				685155BD1ED22FFD0072FBA2 /* JobsListViewController.swift */,
				685155BF1ED2301F0072FBA2 /* JobsListViewModel.swift */,
				685155C11ED2303D0072FBA2 /* JobListStyle.swift */,
				681DC8D81ED36F5A00CA986A /* JobsList.storyboard */,
			);
			name = JobsList;
			sourceTree = "<group>";
		};
		685155C31ED230890072FBA2 /* Generic */ = {
			isa = PBXGroup;
			children = (
				685155C41ED230C70072FBA2 /* Componentable.swift */,
				6849FA3B1EDDFEF4004263A2 /* Date+Temper.swift */,
			);
			name = Generic;
			sourceTree = "<group>";
		};
		F2A15DC918C70A311B3A5F50 /* Pods */ = {
			isa = PBXGroup;
			children = (
				AA3CF7F3951FD85C0DE32188 /* Pods-TemperAssessment.debug.xcconfig */,
				7C7102661121C550A7B58662 /* Pods-TemperAssessment.release.xcconfig */,
				39EAAF9ABC9297902D533F95 /* Pods-TemperAssessmentTests.debug.xcconfig */,
				93F8B3E0E3E76CBA42BE4C7F /* Pods-TemperAssessmentTests.release.xcconfig */,
			);
			name = Pods;
			sourceTree = "<group>";
		};
/* End PBXGroup section */

/* Begin PBXNativeTarget section */
		685155961ED22E350072FBA2 /* TemperAssessment */ = {
			isa = PBXNativeTarget;
			buildConfigurationList = 685155B41ED22E350072FBA2 /* Build configuration list for PBXNativeTarget "TemperAssessment" */;
			buildPhases = (
				F0DDDFE918D04AF90FDE1699 /* [CP] Check Pods Manifest.lock */,
				685155931ED22E350072FBA2 /* Sources */,
				685155941ED22E350072FBA2 /* Frameworks */,
				685155951ED22E350072FBA2 /* Resources */,
				8050CF4B8DE62B833B3F83CB /* [CP] Embed Pods Frameworks */,
				A283AC1EC4D0082947F3FA93 /* [CP] Copy Pods Resources */,
			);
			buildRules = (
			);
			dependencies = (
			);
			name = TemperAssessment;
			productName = TemperAssessment;
			productReference = 685155971ED22E350072FBA2 /* TemperAssessment.app */;
			productType = "com.apple.product-type.application";
		};
		685155AA1ED22E350072FBA2 /* TemperAssessmentTests */ = {
			isa = PBXNativeTarget;
			buildConfigurationList = 685155B71ED22E350072FBA2 /* Build configuration list for PBXNativeTarget "TemperAssessmentTests" */;
			buildPhases = (
				776C517D19E65DAF5AF38C1B /* [CP] Check Pods Manifest.lock */,
				685155A71ED22E350072FBA2 /* Sources */,
				685155A81ED22E350072FBA2 /* Frameworks */,
				685155A91ED22E350072FBA2 /* Resources */,
				E09931F75E69DE50722E0F4C /* [CP] Embed Pods Frameworks */,
				ADC813EC627E69D87B2AE728 /* [CP] Copy Pods Resources */,
			);
			buildRules = (
			);
			dependencies = (
				685155AD1ED22E350072FBA2 /* PBXTargetDependency */,
			);
			name = TemperAssessmentTests;
			productName = TemperAssessmentTests;
			productReference = 685155AB1ED22E350072FBA2 /* TemperAssessmentTests.xctest */;
			productType = "com.apple.product-type.bundle.unit-test";
		};
/* End PBXNativeTarget section */

/* Begin PBXProject section */
		6851558F1ED22E350072FBA2 /* Project object */ = {
			isa = PBXProject;
			attributes = {
				LastSwiftUpdateCheck = 0830;
				LastUpgradeCheck = 0830;
				ORGANIZATIONNAME = "Said Rehouni";
				TargetAttributes = {
					685155961ED22E350072FBA2 = {
						CreatedOnToolsVersion = 8.3.2;
						ProvisioningStyle = Automatic;
					};
					685155AA1ED22E350072FBA2 = {
						CreatedOnToolsVersion = 8.3.2;
						ProvisioningStyle = Automatic;
						TestTargetID = 685155961ED22E350072FBA2;
					};
				};
			};
			buildConfigurationList = 685155921ED22E350072FBA2 /* Build configuration list for PBXProject "TemperAssessment" */;
			compatibilityVersion = "Xcode 3.2";
			developmentRegion = English;
			hasScannedForEncodings = 0;
			knownRegions = (
				en,
				Base,
			);
			mainGroup = 6851558E1ED22E350072FBA2;
			productRefGroup = 685155981ED22E350072FBA2 /* Products */;
			projectDirPath = "";
			projectRoot = "";
			targets = (
				685155961ED22E350072FBA2 /* TemperAssessment */,
				685155AA1ED22E350072FBA2 /* TemperAssessmentTests */,
			);
		};
/* End PBXProject section */

/* Begin PBXResourcesBuildPhase section */
		685155951ED22E350072FBA2 /* Resources */ = {
			isa = PBXResourcesBuildPhase;
			buildActionMask = 2147483647;
			files = (
				685155A51ED22E350072FBA2 /* LaunchScreen.storyboard in Resources */,
				681DC8E91ED39ED800CA986A /* DayList.storyboard in Resources */,
				685155A21ED22E350072FBA2 /* Assets.xcassets in Resources */,
				685155BB1ED22F110072FBA2 /* mock.json in Resources */,
				681DC8D91ED36F5A00CA986A /* JobsList.storyboard in Resources */,
			);
			runOnlyForDeploymentPostprocessing = 0;
		};
		685155A91ED22E350072FBA2 /* Resources */ = {
			isa = PBXResourcesBuildPhase;
			buildActionMask = 2147483647;
			files = (
			);
			runOnlyForDeploymentPostprocessing = 0;
		};
/* End PBXResourcesBuildPhase section */

/* Begin PBXShellScriptBuildPhase section */
		776C517D19E65DAF5AF38C1B /* [CP] Check Pods Manifest.lock */ = {
			isa = PBXShellScriptBuildPhase;
			buildActionMask = 2147483647;
			files = (
			);
			inputPaths = (
			);
			name = "[CP] Check Pods Manifest.lock";
			outputPaths = (
			);
			runOnlyForDeploymentPostprocessing = 0;
			shellPath = /bin/sh;
			shellScript = "diff \"${PODS_PODFILE_DIR_PATH}/Podfile.lock\" \"${PODS_ROOT}/Manifest.lock\" > /dev/null\nif [ $? != 0 ] ; then\n    # print error to STDERR\n    echo \"error: The sandbox is not in sync with the Podfile.lock. Run 'pod install' or update your CocoaPods installation.\" >&2\n    exit 1\nfi\n";
			showEnvVarsInLog = 0;
		};
		8050CF4B8DE62B833B3F83CB /* [CP] Embed Pods Frameworks */ = {
			isa = PBXShellScriptBuildPhase;
			buildActionMask = 2147483647;
			files = (
			);
			inputPaths = (
			);
			name = "[CP] Embed Pods Frameworks";
			outputPaths = (
			);
			runOnlyForDeploymentPostprocessing = 0;
			shellPath = /bin/sh;
			shellScript = "\"${SRCROOT}/Pods/Target Support Files/Pods-TemperAssessment/Pods-TemperAssessment-frameworks.sh\"\n";
			showEnvVarsInLog = 0;
		};
		A283AC1EC4D0082947F3FA93 /* [CP] Copy Pods Resources */ = {
			isa = PBXShellScriptBuildPhase;
			buildActionMask = 2147483647;
			files = (
			);
			inputPaths = (
			);
			name = "[CP] Copy Pods Resources";
			outputPaths = (
			);
			runOnlyForDeploymentPostprocessing = 0;
			shellPath = /bin/sh;
			shellScript = "\"${SRCROOT}/Pods/Target Support Files/Pods-TemperAssessment/Pods-TemperAssessment-resources.sh\"\n";
			showEnvVarsInLog = 0;
		};
		ADC813EC627E69D87B2AE728 /* [CP] Copy Pods Resources */ = {
			isa = PBXShellScriptBuildPhase;
			buildActionMask = 2147483647;
			files = (
			);
			inputPaths = (
			);
			name = "[CP] Copy Pods Resources";
			outputPaths = (
			);
			runOnlyForDeploymentPostprocessing = 0;
			shellPath = /bin/sh;
			shellScript = "\"${SRCROOT}/Pods/Target Support Files/Pods-TemperAssessmentTests/Pods-TemperAssessmentTests-resources.sh\"\n";
			showEnvVarsInLog = 0;
		};
		E09931F75E69DE50722E0F4C /* [CP] Embed Pods Frameworks */ = {
			isa = PBXShellScriptBuildPhase;
			buildActionMask = 2147483647;
			files = (
			);
			inputPaths = (
			);
			name = "[CP] Embed Pods Frameworks";
			outputPaths = (
			);
			runOnlyForDeploymentPostprocessing = 0;
			shellPath = /bin/sh;
			shellScript = "\"${SRCROOT}/Pods/Target Support Files/Pods-TemperAssessmentTests/Pods-TemperAssessmentTests-frameworks.sh\"\n";
			showEnvVarsInLog = 0;
		};
		F0DDDFE918D04AF90FDE1699 /* [CP] Check Pods Manifest.lock */ = {
			isa = PBXShellScriptBuildPhase;
			buildActionMask = 2147483647;
			files = (
			);
			inputPaths = (
			);
			name = "[CP] Check Pods Manifest.lock";
			outputPaths = (
			);
			runOnlyForDeploymentPostprocessing = 0;
			shellPath = /bin/sh;
			shellScript = "diff \"${PODS_PODFILE_DIR_PATH}/Podfile.lock\" \"${PODS_ROOT}/Manifest.lock\" > /dev/null\nif [ $? != 0 ] ; then\n    # print error to STDERR\n    echo \"error: The sandbox is not in sync with the Podfile.lock. Run 'pod install' or update your CocoaPods installation.\" >&2\n    exit 1\nfi\n";
			showEnvVarsInLog = 0;
		};
/* End PBXShellScriptBuildPhase section */

/* Begin PBXSourcesBuildPhase section */
		685155931ED22E350072FBA2 /* Sources */ = {
			isa = PBXSourcesBuildPhase;
			buildActionMask = 2147483647;
			files = (
				681DC8DC1ED3700500CA986A /* JobsListCell.swift in Sources */,
				681DC8E41ED381F700CA986A /* JobModel.swift in Sources */,
				685155C01ED2301F0072FBA2 /* JobsListViewModel.swift in Sources */,
				6849FA3C1EDDFEF4004263A2 /* Date+Temper.swift in Sources */,
				685155C51ED230C70072FBA2 /* Componentable.swift in Sources */,
				68718DD51ED4D2B800276FF5 /* DayModel.swift in Sources */,
				68718DD11ED4D16C00276FF5 /* DayListCellViewModel.swift in Sources */,
				681DC8E01ED370E200CA986A /* JobsListCellStyle.swift in Sources */,
				681DC8DE1ED3708F00CA986A /* JobsListCellViewModel.swift in Sources */,
				681DC8EB1ED39EF700CA986A /* DayListViewModel.swift in Sources */,
				685155C21ED2303D0072FBA2 /* JobListStyle.swift in Sources */,
				685155BE1ED22FFD0072FBA2 /* JobsListViewController.swift in Sources */,
				681DC8E71ED39EBE00CA986A /* DayListViewController.swift in Sources */,
				68718DD31ED4D18800276FF5 /* DayListCellStyle.swift in Sources */,
				681DC8F01ED39F3F00CA986A /* DayListCell.swift in Sources */,
				6851559B1ED22E350072FBA2 /* AppDelegate.swift in Sources */,
				681DC8ED1ED39F0B00CA986A /* DayListStyle.swift in Sources */,
			);
			runOnlyForDeploymentPostprocessing = 0;
		};
		685155A71ED22E350072FBA2 /* Sources */ = {
			isa = PBXSourcesBuildPhase;
			buildActionMask = 2147483647;
			files = (
				685155B01ED22E350072FBA2 /* TemperAssessmentTests.swift in Sources */,
			);
			runOnlyForDeploymentPostprocessing = 0;
		};
/* End PBXSourcesBuildPhase section */

/* Begin PBXTargetDependency section */
		685155AD1ED22E350072FBA2 /* PBXTargetDependency */ = {
			isa = PBXTargetDependency;
			target = 685155961ED22E350072FBA2 /* TemperAssessment */;
			targetProxy = 685155AC1ED22E350072FBA2 /* PBXContainerItemProxy */;
		};
/* End PBXTargetDependency section */

/* Begin PBXVariantGroup section */
		685155A31ED22E350072FBA2 /* LaunchScreen.storyboard */ = {
			isa = PBXVariantGroup;
			children = (
				685155A41ED22E350072FBA2 /* Base */,
			);
			name = LaunchScreen.storyboard;
			sourceTree = "<group>";
		};
/* End PBXVariantGroup section */

/* Begin XCBuildConfiguration section */
		685155B21ED22E350072FBA2 /* Debug */ = {
			isa = XCBuildConfiguration;
			buildSettings = {
				ALWAYS_SEARCH_USER_PATHS = NO;
				CLANG_ANALYZER_NONNULL = YES;
				CLANG_ANALYZER_NUMBER_OBJECT_CONVERSION = YES_AGGRESSIVE;
				CLANG_CXX_LANGUAGE_STANDARD = "gnu++0x";
				CLANG_CXX_LIBRARY = "libc++";
				CLANG_ENABLE_MODULES = YES;
				CLANG_ENABLE_OBJC_ARC = YES;
				CLANG_WARN_BOOL_CONVERSION = YES;
				CLANG_WARN_CONSTANT_CONVERSION = YES;
				CLANG_WARN_DIRECT_OBJC_ISA_USAGE = YES_ERROR;
				CLANG_WARN_DOCUMENTATION_COMMENTS = YES;
				CLANG_WARN_EMPTY_BODY = YES;
				CLANG_WARN_ENUM_CONVERSION = YES;
				CLANG_WARN_INFINITE_RECURSION = YES;
				CLANG_WARN_INT_CONVERSION = YES;
				CLANG_WARN_OBJC_ROOT_CLASS = YES_ERROR;
				CLANG_WARN_SUSPICIOUS_MOVE = YES;
				CLANG_WARN_UNREACHABLE_CODE = YES;
				CLANG_WARN__DUPLICATE_METHOD_MATCH = YES;
				"CODE_SIGN_IDENTITY[sdk=iphoneos*]" = "iPhone Developer";
				COPY_PHASE_STRIP = NO;
				DEBUG_INFORMATION_FORMAT = dwarf;
				ENABLE_STRICT_OBJC_MSGSEND = YES;
				ENABLE_TESTABILITY = YES;
				GCC_C_LANGUAGE_STANDARD = gnu99;
				GCC_DYNAMIC_NO_PIC = NO;
				GCC_NO_COMMON_BLOCKS = YES;
				GCC_OPTIMIZATION_LEVEL = 0;
				GCC_PREPROCESSOR_DEFINITIONS = (
					"DEBUG=1",
					"$(inherited)",
				);
				GCC_WARN_64_TO_32_BIT_CONVERSION = YES;
				GCC_WARN_ABOUT_RETURN_TYPE = YES_ERROR;
				GCC_WARN_UNDECLARED_SELECTOR = YES;
				GCC_WARN_UNINITIALIZED_AUTOS = YES_AGGRESSIVE;
				GCC_WARN_UNUSED_FUNCTION = YES;
				GCC_WARN_UNUSED_VARIABLE = YES;
				IPHONEOS_DEPLOYMENT_TARGET = 10.3;
				MTL_ENABLE_DEBUG_INFO = YES;
				ONLY_ACTIVE_ARCH = YES;
				SDKROOT = iphoneos;
				SWIFT_ACTIVE_COMPILATION_CONDITIONS = DEBUG;
				SWIFT_OPTIMIZATION_LEVEL = "-Onone";
				TARGETED_DEVICE_FAMILY = "1,2";
			};
			name = Debug;
		};
		685155B31ED22E350072FBA2 /* Release */ = {
			isa = XCBuildConfiguration;
			buildSettings = {
				ALWAYS_SEARCH_USER_PATHS = NO;
				CLANG_ANALYZER_NONNULL = YES;
				CLANG_ANALYZER_NUMBER_OBJECT_CONVERSION = YES_AGGRESSIVE;
				CLANG_CXX_LANGUAGE_STANDARD = "gnu++0x";
				CLANG_CXX_LIBRARY = "libc++";
				CLANG_ENABLE_MODULES = YES;
				CLANG_ENABLE_OBJC_ARC = YES;
				CLANG_WARN_BOOL_CONVERSION = YES;
				CLANG_WARN_CONSTANT_CONVERSION = YES;
				CLANG_WARN_DIRECT_OBJC_ISA_USAGE = YES_ERROR;
				CLANG_WARN_DOCUMENTATION_COMMENTS = YES;
				CLANG_WARN_EMPTY_BODY = YES;
				CLANG_WARN_ENUM_CONVERSION = YES;
				CLANG_WARN_INFINITE_RECURSION = YES;
				CLANG_WARN_INT_CONVERSION = YES;
				CLANG_WARN_OBJC_ROOT_CLASS = YES_ERROR;
				CLANG_WARN_SUSPICIOUS_MOVE = YES;
				CLANG_WARN_UNREACHABLE_CODE = YES;
				CLANG_WARN__DUPLICATE_METHOD_MATCH = YES;
				"CODE_SIGN_IDENTITY[sdk=iphoneos*]" = "iPhone Developer";
				COPY_PHASE_STRIP = NO;
				DEBUG_INFORMATION_FORMAT = "dwarf-with-dsym";
				ENABLE_NS_ASSERTIONS = NO;
				ENABLE_STRICT_OBJC_MSGSEND = YES;
				GCC_C_LANGUAGE_STANDARD = gnu99;
				GCC_NO_COMMON_BLOCKS = YES;
				GCC_WARN_64_TO_32_BIT_CONVERSION = YES;
				GCC_WARN_ABOUT_RETURN_TYPE = YES_ERROR;
				GCC_WARN_UNDECLARED_SELECTOR = YES;
				GCC_WARN_UNINITIALIZED_AUTOS = YES_AGGRESSIVE;
				GCC_WARN_UNUSED_FUNCTION = YES;
				GCC_WARN_UNUSED_VARIABLE = YES;
				IPHONEOS_DEPLOYMENT_TARGET = 10.3;
				MTL_ENABLE_DEBUG_INFO = NO;
				SDKROOT = iphoneos;
				SWIFT_OPTIMIZATION_LEVEL = "-Owholemodule";
				TARGETED_DEVICE_FAMILY = "1,2";
				VALIDATE_PRODUCT = YES;
			};
			name = Release;
		};
		685155B51ED22E350072FBA2 /* Debug */ = {
			isa = XCBuildConfiguration;
			baseConfigurationReference = AA3CF7F3951FD85C0DE32188 /* Pods-TemperAssessment.debug.xcconfig */;
			buildSettings = {
				ASSETCATALOG_COMPILER_APPICON_NAME = AppIcon;
				INFOPLIST_FILE = TemperAssessment/Info.plist;
				LD_RUNPATH_SEARCH_PATHS = "$(inherited) @executable_path/Frameworks";
				PRODUCT_BUNDLE_IDENTIFIER = com.RehouniMSaid.TemperAssessment;
				PRODUCT_NAME = "$(TARGET_NAME)";
				SWIFT_VERSION = 3.0;
			};
			name = Debug;
		};
		685155B61ED22E350072FBA2 /* Release */ = {
			isa = XCBuildConfiguration;
			baseConfigurationReference = 7C7102661121C550A7B58662 /* Pods-TemperAssessment.release.xcconfig */;
			buildSettings = {
				ASSETCATALOG_COMPILER_APPICON_NAME = AppIcon;
				INFOPLIST_FILE = TemperAssessment/Info.plist;
				LD_RUNPATH_SEARCH_PATHS = "$(inherited) @executable_path/Frameworks";
				PRODUCT_BUNDLE_IDENTIFIER = com.RehouniMSaid.TemperAssessment;
				PRODUCT_NAME = "$(TARGET_NAME)";
				SWIFT_VERSION = 3.0;
			};
			name = Release;
		};
		685155B81ED22E350072FBA2 /* Debug */ = {
			isa = XCBuildConfiguration;
			baseConfigurationReference = 39EAAF9ABC9297902D533F95 /* Pods-TemperAssessmentTests.debug.xcconfig */;
			buildSettings = {
				ALWAYS_EMBED_SWIFT_STANDARD_LIBRARIES = YES;
				BUNDLE_LOADER = "$(TEST_HOST)";
				INFOPLIST_FILE = TemperAssessmentTests/Info.plist;
				LD_RUNPATH_SEARCH_PATHS = "$(inherited) @executable_path/Frameworks @loader_path/Frameworks";
				PRODUCT_BUNDLE_IDENTIFIER = com.RehouniMSaid.TemperAssessmentTests;
				PRODUCT_NAME = "$(TARGET_NAME)";
				SWIFT_VERSION = 3.0;
				TEST_HOST = "$(BUILT_PRODUCTS_DIR)/TemperAssessment.app/TemperAssessment";
			};
			name = Debug;
		};
		685155B91ED22E350072FBA2 /* Release */ = {
			isa = XCBuildConfiguration;
			baseConfigurationReference = 93F8B3E0E3E76CBA42BE4C7F /* Pods-TemperAssessmentTests.release.xcconfig */;
			buildSettings = {
				ALWAYS_EMBED_SWIFT_STANDARD_LIBRARIES = YES;
				BUNDLE_LOADER = "$(TEST_HOST)";
				INFOPLIST_FILE = TemperAssessmentTests/Info.plist;
				LD_RUNPATH_SEARCH_PATHS = "$(inherited) @executable_path/Frameworks @loader_path/Frameworks";
				PRODUCT_BUNDLE_IDENTIFIER = com.RehouniMSaid.TemperAssessmentTests;
				PRODUCT_NAME = "$(TARGET_NAME)";
				SWIFT_VERSION = 3.0;
				TEST_HOST = "$(BUILT_PRODUCTS_DIR)/TemperAssessment.app/TemperAssessment";
			};
			name = Release;
		};
/* End XCBuildConfiguration section */

/* Begin XCConfigurationList section */
		685155921ED22E350072FBA2 /* Build configuration list for PBXProject "TemperAssessment" */ = {
			isa = XCConfigurationList;
			buildConfigurations = (
				685155B21ED22E350072FBA2 /* Debug */,
				685155B31ED22E350072FBA2 /* Release */,
			);
			defaultConfigurationIsVisible = 0;
			defaultConfigurationName = Release;
		};
		685155B41ED22E350072FBA2 /* Build configuration list for PBXNativeTarget "TemperAssessment" */ = {
			isa = XCConfigurationList;
			buildConfigurations = (
				685155B51ED22E350072FBA2 /* Debug */,
				685155B61ED22E350072FBA2 /* Release */,
			);
			defaultConfigurationIsVisible = 0;
			defaultConfigurationName = Release;
		};
		685155B71ED22E350072FBA2 /* Build configuration list for PBXNativeTarget "TemperAssessmentTests" */ = {
			isa = XCConfigurationList;
			buildConfigurations = (
				685155B81ED22E350072FBA2 /* Debug */,
				685155B91ED22E350072FBA2 /* Release */,
			);
			defaultConfigurationIsVisible = 0;
			defaultConfigurationName = Release;
		};
/* End XCConfigurationList section */
	};
	rootObject = 6851558F1ED22E350072FBA2 /* Project object */;
}
