// !$*UTF8*$!
{
	archiveVersion = 1;
	classes = {
	};
	objectVersion = 46;
	objects = {

/* Begin PBXBuildFile section */
		6851559B1ED22E350072FBA2 /* AppDelegate.swift in Sources */ = {isa = PBXBuildFile; fileRef = 6851559A1ED22E350072FBA2 /* AppDelegate.swift */; };
		6851559D1ED22E350072FBA2 /* ViewController.swift in Sources */ = {isa = PBXBuildFile; fileRef = 6851559C1ED22E350072FBA2 /* ViewController.swift */; };
		685155A01ED22E350072FBA2 /* Main.storyboard in Resources */ = {isa = PBXBuildFile; fileRef = 6851559E1ED22E350072FBA2 /* Main.storyboard */; };
		685155A21ED22E350072FBA2 /* Assets.xcassets in Resources */ = {isa = PBXBuildFile; fileRef = 685155A11ED22E350072FBA2 /* Assets.xcassets */; };
		685155A51ED22E350072FBA2 /* LaunchScreen.storyboard in Resources */ = {isa = PBXBuildFile; fileRef = 685155A31ED22E350072FBA2 /* LaunchScreen.storyboard */; };
		685155B01ED22E350072FBA2 /* TemperAssessmentTests.swift in Sources */ = {isa = PBXBuildFile; fileRef = 685155AF1ED22E350072FBA2 /* TemperAssessmentTests.swift */; };
/* End PBXBuildFile section */

/* Begin PBXContainerItemProxy section */
		685155AC1ED22E350072FBA2 /* PBXContainerItemProxy */ = {
			isa = PBXContainerItemProxy;
			containerPortal = 6851558F1ED22E350072FBA2 /* Project object */;
			proxyType = 1;
			remoteGlobalIDString = 685155961ED22E350072FBA2;
			remoteInfo = TemperAssessment;
		};
/* End PBXContainerItemProxy section */

/* Begin PBXFileReference section */
		685155971ED22E350072FBA2 /* TemperAssessment.app */ = {isa = PBXFileReference; explicitFileType = wrapper.application; includeInIndex = 0; path = TemperAssessment.app; sourceTree = BUILT_PRODUCTS_DIR; };
		6851559A1ED22E350072FBA2 /* AppDelegate.swift */ = {isa = PBXFileReference; lastKnownFileType = sourcecode.swift; path = AppDelegate.swift; sourceTree = "<group>"; };
		6851559C1ED22E350072FBA2 /* ViewController.swift */ = {isa = PBXFileReference; lastKnownFileType = sourcecode.swift; path = ViewController.swift; sourceTree = "<group>"; };
		6851559F1ED22E350072FBA2 /* Base */ = {isa = PBXFileReference; lastKnownFileType = file.storyboard; name = Base; path = Base.lproj/Main.storyboard; sourceTree = "<group>"; };
		685155A11ED22E350072FBA2 /* Assets.xcassets */ = {isa = PBXFileReference; lastKnownFileType = folder.assetcatalog; path = Assets.xcassets; sourceTree = "<group>"; };
		685155A41ED22E350072FBA2 /* Base */ = {isa = PBXFileReference; lastKnownFileType = file.storyboard; name = Base; path = Base.lproj/LaunchScreen.storyboard; sourceTree = "<group>"; };
		685155A61ED22E350072FBA2 /* Info.plist */ = {isa = PBXFileReference; lastKnownFileType = text.plist.xml; path = Info.plist; sourceTree = "<group>"; };
		685155AB1ED22E350072FBA2 /* TemperAssessmentTests.xctest */ = {isa = PBXFileReference; explicitFileType = wrapper.cfbundle; includeInIndex = 0; path = TemperAssessmentTests.xctest; sourceTree = BUILT_PRODUCTS_DIR; };
		685155AF1ED22E350072FBA2 /* TemperAssessmentTests.swift */ = {isa = PBXFileReference; lastKnownFileType = sourcecode.swift; path = TemperAssessmentTests.swift; sourceTree = "<group>"; };
		685155B11ED22E350072FBA2 /* Info.plist */ = {isa = PBXFileReference; lastKnownFileType = text.plist.xml; path = Info.plist; sourceTree = "<group>"; };
/* End PBXFileReference section */

/* Begin PBXFrameworksBuildPhase section */
		685155941ED22E350072FBA2 /* Frameworks */ = {
			isa = PBXFrameworksBuildPhase;
			buildActionMask = 2147483647;
			files = (
			);
			runOnlyForDeploymentPostprocessing = 0;
		};
		685155A81ED22E350072FBA2 /* Frameworks */ = {
			isa = PBXFrameworksBuildPhase;
			buildActionMask = 2147483647;
			files = (
			);
			runOnlyForDeploymentPostprocessing = 0;
		};
/* End PBXFrameworksBuildPhase section */

/* Begin PBXGroup section */
		6851558E1ED22E350072FBA2 = {
			isa = PBXGroup;
			children = (
				685155991ED22E350072FBA2 /* TemperAssessment */,
				685155AE1ED22E350072FBA2 /* TemperAssessmentTests */,
				685155981ED22E350072FBA2 /* Products */,
			);
			sourceTree = "<group>";
		};
		685155981ED22E350072FBA2 /* Products */ = {
			isa = PBXGroup;
			children = (
				685155971ED22E350072FBA2 /* TemperAssessment.app */,
				685155AB1ED22E350072FBA2 /* TemperAssessmentTests.xctest */,
			);
			name = Products;
			sourceTree = "<group>";
		};
		685155991ED22E350072FBA2 /* TemperAssessment */ = {
			isa = PBXGroup;
			children = (
				6851559A1ED22E350072FBA2 /* AppDelegate.swift */,
				6851559C1ED22E350072FBA2 /* ViewController.swift */,
				6851559E1ED22E350072FBA2 /* Main.storyboard */,
				685155A11ED22E350072FBA2 /* Assets.xcassets */,
				685155A31ED22E350072FBA2 /* LaunchScreen.storyboard */,
				685155A61ED22E350072FBA2 /* Info.plist */,
			);
			path = TemperAssessment;
			sourceTree = "<group>";
		};
		685155AE1ED22E350072FBA2 /* TemperAssessmentTests */ = {
			isa = PBXGroup;
			children = (
				685155AF1ED22E350072FBA2 /* TemperAssessmentTests.swift */,
				685155B11ED22E350072FBA2 /* Info.plist */,
			);
			path = TemperAssessmentTests;
			sourceTree = "<group>";
		};
/* End PBXGroup section */

/* Begin PBXNativeTarget section */
		685155961ED22E350072FBA2 /* TemperAssessment */ = {
			isa = PBXNativeTarget;
			buildConfigurationList = 685155B41ED22E350072FBA2 /* Build configuration list for PBXNativeTarget "TemperAssessment" */;
			buildPhases = (
				685155931ED22E350072FBA2 /* Sources */,
				685155941ED22E350072FBA2 /* Frameworks */,
				685155951ED22E350072FBA2 /* Resources */,
			);
			buildRules = (
			);
			dependencies = (
			);
			name = TemperAssessment;
			productName = TemperAssessment;
			productReference = 685155971ED22E350072FBA2 /* TemperAssessment.app */;
			productType = "com.apple.product-type.application";
		};
		685155AA1ED22E350072FBA2 /* TemperAssessmentTests */ = {
			isa = PBXNativeTarget;
			buildConfigurationList = 685155B71ED22E350072FBA2 /* Build configuration list for PBXNativeTarget "TemperAssessmentTests" */;
			buildPhases = (
				685155A71ED22E350072FBA2 /* Sources */,
				685155A81ED22E350072FBA2 /* Frameworks */,
				685155A91ED22E350072FBA2 /* Resources */,
			);
			buildRules = (
			);
			dependencies = (
				685155AD1ED22E350072FBA2 /* PBXTargetDependency */,
			);
			name = TemperAssessmentTests;
			productName = TemperAssessmentTests;
			productReference = 685155AB1ED22E350072FBA2 /* TemperAssessmentTests.xctest */;
			productType = "com.apple.product-type.bundle.unit-test";
		};
/* End PBXNativeTarget section */

/* Begin PBXProject section */
		6851558F1ED22E350072FBA2 /* Project object */ = {
			isa = PBXProject;
			attributes = {
				LastSwiftUpdateCheck = 0830;
				LastUpgradeCheck = 0830;
				ORGANIZATIONNAME = "Said Rehouni";
				TargetAttributes = {
					685155961ED22E350072FBA2 = {
						CreatedOnToolsVersion = 8.3.2;
						ProvisioningStyle = Automatic;
					};
					685155AA1ED22E350072FBA2 = {
						CreatedOnToolsVersion = 8.3.2;
						ProvisioningStyle = Automatic;
						TestTargetID = 685155961ED22E350072FBA2;
					};
				};
			};
			buildConfigurationList = 685155921ED22E350072FBA2 /* Build configuration list for PBXProject "TemperAssessment" */;
			compatibilityVersion = "Xcode 3.2";
			developmentRegion = English;
			hasScannedForEncodings = 0;
			knownRegions = (
				en,
				Base,
			);
			mainGroup = 6851558E1ED22E350072FBA2;
			productRefGroup = 685155981ED22E350072FBA2 /* Products */;
			projectDirPath = "";
			projectRoot = "";
			targets = (
				685155961ED22E350072FBA2 /* TemperAssessment */,
				685155AA1ED22E350072FBA2 /* TemperAssessmentTests */,
			);
		};
/* End PBXProject section */

/* Begin PBXResourcesBuildPhase section */
		685155951ED22E350072FBA2 /* Resources */ = {
			isa = PBXResourcesBuildPhase;
			buildActionMask = 2147483647;
			files = (
				685155A51ED22E350072FBA2 /* LaunchScreen.storyboard in Resources */,
				685155A21ED22E350072FBA2 /* Assets.xcassets in Resources */,
				685155A01ED22E350072FBA2 /* Main.storyboard in Resources */,
			);
			runOnlyForDeploymentPostprocessing = 0;
		};
		685155A91ED22E350072FBA2 /* Resources */ = {
			isa = PBXResourcesBuildPhase;
			buildActionMask = 2147483647;
			files = (
			);
			runOnlyForDeploymentPostprocessing = 0;
		};
/* End PBXResourcesBuildPhase section */

/* Begin PBXSourcesBuildPhase section */
		685155931ED22E350072FBA2 /* Sources */ = {
			isa = PBXSourcesBuildPhase;
			buildActionMask = 2147483647;
			files = (
				6851559D1ED22E350072FBA2 /* ViewController.swift in Sources */,
				6851559B1ED22E350072FBA2 /* AppDelegate.swift in Sources */,
			);
			runOnlyForDeploymentPostprocessing = 0;
		};
		685155A71ED22E350072FBA2 /* Sources */ = {
			isa = PBXSourcesBuildPhase;
			buildActionMask = 2147483647;
			files = (
				685155B01ED22E350072FBA2 /* TemperAssessmentTests.swift in Sources */,
			);
			runOnlyForDeploymentPostprocessing = 0;
		};
/* End PBXSourcesBuildPhase section */

/* Begin PBXTargetDependency section */
		685155AD1ED22E350072FBA2 /* PBXTargetDependency */ = {
			isa = PBXTargetDependency;
			target = 685155961ED22E350072FBA2 /* TemperAssessment */;
			targetProxy = 685155AC1ED22E350072FBA2 /* PBXContainerItemProxy */;
		};
/* End PBXTargetDependency section */

/* Begin PBXVariantGroup section */
		6851559E1ED22E350072FBA2 /* Main.storyboard */ = {
			isa = PBXVariantGroup;
			children = (
				6851559F1ED22E350072FBA2 /* Base */,
			);
			name = Main.storyboard;
			sourceTree = "<group>";
		};
		685155A31ED22E350072FBA2 /* LaunchScreen.storyboard */ = {
			isa = PBXVariantGroup;
			children = (
				685155A41ED22E350072FBA2 /* Base */,
			);
			name = LaunchScreen.storyboard;
			sourceTree = "<group>";
		};
/* End PBXVariantGroup section */

/* Begin XCBuildConfiguration section */
		685155B21ED22E350072FBA2 /* Debug */ = {
			isa = XCBuildConfiguration;
			buildSettings = {
				ALWAYS_SEARCH_USER_PATHS = NO;
				CLANG_ANALYZER_NONNULL = YES;
				CLANG_ANALYZER_NUMBER_OBJECT_CONVERSION = YES_AGGRESSIVE;
				CLANG_CXX_LANGUAGE_STANDARD = "gnu++0x";
				CLANG_CXX_LIBRARY = "libc++";
				CLANG_ENABLE_MODULES = YES;
				CLANG_ENABLE_OBJC_ARC = YES;
				CLANG_WARN_BOOL_CONVERSION = YES;
				CLANG_WARN_CONSTANT_CONVERSION = YES;
				CLANG_WARN_DIRECT_OBJC_ISA_USAGE = YES_ERROR;
				CLANG_WARN_DOCUMENTATION_COMMENTS = YES;
				CLANG_WARN_EMPTY_BODY = YES;
				CLANG_WARN_ENUM_CONVERSION = YES;
				CLANG_WARN_INFINITE_RECURSION = YES;
				CLANG_WARN_INT_CONVERSION = YES;
				CLANG_WARN_OBJC_ROOT_CLASS = YES_ERROR;
				CLANG_WARN_SUSPICIOUS_MOVE = YES;
				CLANG_WARN_UNREACHABLE_CODE = YES;
				CLANG_WARN__DUPLICATE_METHOD_MATCH = YES;
				"CODE_SIGN_IDENTITY[sdk=iphoneos*]" = "iPhone Developer";
				COPY_PHASE_STRIP = NO;
				DEBUG_INFORMATION_FORMAT = dwarf;
				ENABLE_STRICT_OBJC_MSGSEND = YES;
				ENABLE_TESTABILITY = YES;
				GCC_C_LANGUAGE_STANDARD = gnu99;
				GCC_DYNAMIC_NO_PIC = NO;
				GCC_NO_COMMON_BLOCKS = YES;
				GCC_OPTIMIZATION_LEVEL = 0;
				GCC_PREPROCESSOR_DEFINITIONS = (
					"DEBUG=1",
					"$(inherited)",
				);
				GCC_WARN_64_TO_32_BIT_CONVERSION = YES;
				GCC_WARN_ABOUT_RETURN_TYPE = YES_ERROR;
				GCC_WARN_UNDECLARED_SELECTOR = YES;
				GCC_WARN_UNINITIALIZED_AUTOS = YES_AGGRESSIVE;
				GCC_WARN_UNUSED_FUNCTION = YES;
				GCC_WARN_UNUSED_VARIABLE = YES;
				IPHONEOS_DEPLOYMENT_TARGET = 10.3;
				MTL_ENABLE_DEBUG_INFO = YES;
				ONLY_ACTIVE_ARCH = YES;
				SDKROOT = iphoneos;
				SWIFT_ACTIVE_COMPILATION_CONDITIONS = DEBUG;
				SWIFT_OPTIMIZATION_LEVEL = "-Onone";
				TARGETED_DEVICE_FAMILY = "1,2";
			};
			name = Debug;
		};
		685155B31ED22E350072FBA2 /* Release */ = {
			isa = XCBuildConfiguration;
			buildSettings = {
				ALWAYS_SEARCH_USER_PATHS = NO;
				CLANG_ANALYZER_NONNULL = YES;
				CLANG_ANALYZER_NUMBER_OBJECT_CONVERSION = YES_AGGRESSIVE;
				CLANG_CXX_LANGUAGE_STANDARD = "gnu++0x";
				CLANG_CXX_LIBRARY = "libc++";
				CLANG_ENABLE_MODULES = YES;
				CLANG_ENABLE_OBJC_ARC = YES;
				CLANG_WARN_BOOL_CONVERSION = YES;
				CLANG_WARN_CONSTANT_CONVERSION = YES;
				CLANG_WARN_DIRECT_OBJC_ISA_USAGE = YES_ERROR;
				CLANG_WARN_DOCUMENTATION_COMMENTS = YES;
				CLANG_WARN_EMPTY_BODY = YES;
				CLANG_WARN_ENUM_CONVERSION = YES;
				CLANG_WARN_INFINITE_RECURSION = YES;
				CLANG_WARN_INT_CONVERSION = YES;
				CLANG_WARN_OBJC_ROOT_CLASS = YES_ERROR;
				CLANG_WARN_SUSPICIOUS_MOVE = YES;
				CLANG_WARN_UNREACHABLE_CODE = YES;
				CLANG_WARN__DUPLICATE_METHOD_MATCH = YES;
				"CODE_SIGN_IDENTITY[sdk=iphoneos*]" = "iPhone Developer";
				COPY_PHASE_STRIP = NO;
				DEBUG_INFORMATION_FORMAT = "dwarf-with-dsym";
				ENABLE_NS_ASSERTIONS = NO;
				ENABLE_STRICT_OBJC_MSGSEND = YES;
				GCC_C_LANGUAGE_STANDARD = gnu99;
				GCC_NO_COMMON_BLOCKS = YES;
				GCC_WARN_64_TO_32_BIT_CONVERSION = YES;
				GCC_WARN_ABOUT_RETURN_TYPE = YES_ERROR;
				GCC_WARN_UNDECLARED_SELECTOR = YES;
				GCC_WARN_UNINITIALIZED_AUTOS = YES_AGGRESSIVE;
				GCC_WARN_UNUSED_FUNCTION = YES;
				GCC_WARN_UNUSED_VARIABLE = YES;
				IPHONEOS_DEPLOYMENT_TARGET = 10.3;
				MTL_ENABLE_DEBUG_INFO = NO;
				SDKROOT = iphoneos;
				SWIFT_OPTIMIZATION_LEVEL = "-Owholemodule";
				TARGETED_DEVICE_FAMILY = "1,2";
				VALIDATE_PRODUCT = YES;
			};
			name = Release;
		};
		685155B51ED22E350072FBA2 /* Debug */ = {
			isa = XCBuildConfiguration;
			buildSettings = {
				ASSETCATALOG_COMPILER_APPICON_NAME = AppIcon;
				INFOPLIST_FILE = TemperAssessment/Info.plist;
				LD_RUNPATH_SEARCH_PATHS = "$(inherited) @executable_path/Frameworks";
				PRODUCT_BUNDLE_IDENTIFIER = com.RehouniMSaid.TemperAssessment;
				PRODUCT_NAME = "$(TARGET_NAME)";
				SWIFT_VERSION = 3.0;
			};
			name = Debug;
		};
		685155B61ED22E350072FBA2 /* Release */ = {
			isa = XCBuildConfiguration;
			buildSettings = {
				ASSETCATALOG_COMPILER_APPICON_NAME = AppIcon;
				INFOPLIST_FILE = TemperAssessment/Info.plist;
				LD_RUNPATH_SEARCH_PATHS = "$(inherited) @executable_path/Frameworks";
				PRODUCT_BUNDLE_IDENTIFIER = com.RehouniMSaid.TemperAssessment;
				PRODUCT_NAME = "$(TARGET_NAME)";
				SWIFT_VERSION = 3.0;
			};
			name = Release;
		};
		685155B81ED22E350072FBA2 /* Debug */ = {
			isa = XCBuildConfiguration;
			buildSettings = {
				ALWAYS_EMBED_SWIFT_STANDARD_LIBRARIES = YES;
				BUNDLE_LOADER = "$(TEST_HOST)";
				INFOPLIST_FILE = TemperAssessmentTests/Info.plist;
				LD_RUNPATH_SEARCH_PATHS = "$(inherited) @executable_path/Frameworks @loader_path/Frameworks";
				PRODUCT_BUNDLE_IDENTIFIER = com.RehouniMSaid.TemperAssessmentTests;
				PRODUCT_NAME = "$(TARGET_NAME)";
				SWIFT_VERSION = 3.0;
				TEST_HOST = "$(BUILT_PRODUCTS_DIR)/TemperAssessment.app/TemperAssessment";
			};
			name = Debug;
		};
		685155B91ED22E350072FBA2 /* Release */ = {
			isa = XCBuildConfiguration;
			buildSettings = {
				ALWAYS_EMBED_SWIFT_STANDARD_LIBRARIES = YES;
				BUNDLE_LOADER = "$(TEST_HOST)";
				INFOPLIST_FILE = TemperAssessmentTests/Info.plist;
				LD_RUNPATH_SEARCH_PATHS = "$(inherited) @executable_path/Frameworks @loader_path/Frameworks";
				PRODUCT_BUNDLE_IDENTIFIER = com.RehouniMSaid.TemperAssessmentTests;
				PRODUCT_NAME = "$(TARGET_NAME)";
				SWIFT_VERSION = 3.0;
				TEST_HOST = "$(BUILT_PRODUCTS_DIR)/TemperAssessment.app/TemperAssessment";
			};
			name = Release;
		};
/* End XCBuildConfiguration section */

/* Begin XCConfigurationList section */
		685155921ED22E350072FBA2 /* Build configuration list for PBXProject "TemperAssessment" */ = {
			isa = XCConfigurationList;
			buildConfigurations = (
				685155B21ED22E350072FBA2 /* Debug */,
				685155B31ED22E350072FBA2 /* Release */,
			);
			defaultConfigurationIsVisible = 0;
			defaultConfigurationName = Release;
		};
		685155B41ED22E350072FBA2 /* Build configuration list for PBXNativeTarget "TemperAssessment" */ = {
			isa = XCConfigurationList;
			buildConfigurations = (
				685155B51ED22E350072FBA2 /* Debug */,
				685155B61ED22E350072FBA2 /* Release */,
			);
			defaultConfigurationIsVisible = 0;
		};
		685155B71ED22E350072FBA2 /* Build configuration list for PBXNativeTarget "TemperAssessmentTests" */ = {
			isa = XCConfigurationList;
			buildConfigurations = (
				685155B81ED22E350072FBA2 /* Debug */,
				685155B91ED22E350072FBA2 /* Release */,
			);
			defaultConfigurationIsVisible = 0;
		};
/* End XCConfigurationList section */
	};
	rootObject = 6851558F1ED22E350072FBA2 /* Project object */;
}
